<?xml version="1.0" encoding="utf-8"?>
<Project ToolsVersion="4.0" xmlns="http://schemas.microsoft.com/developer/msbuild/2003">
  <ItemGroup>
    <Filter Include="Service">
      <UniqueIdentifier>{f2bbb434-21f0-431e-9c41-c2495182d6d5}</UniqueIdentifier>
    </Filter>
    <Filter Include="Service\WindowBuilderService">
      <UniqueIdentifier>{b9ab1a5d-469e-4501-ab80-42bef4c9f084}</UniqueIdentifier>
    </Filter>
    <Filter Include="Service\EncoderService">
      <UniqueIdentifier>{a2c59ff0-d5da-4f42-b480-c3d48eb1b7d3}</UniqueIdentifier>
    </Filter>
    <Filter Include="ServiceImpl">
      <UniqueIdentifier>{fe703341-a77a-4d73-a1ea-c07fac5c1ec6}</UniqueIdentifier>
    </Filter>
    <Filter Include="ServiceImpl\WindowBuilderServiceImpl">
      <UniqueIdentifier>{14c6270c-caa8-461e-a785-c6dbbe7276ed}</UniqueIdentifier>
    </Filter>
    <Filter Include="ServiceImpl\EncoderServiceImpl">
      <UniqueIdentifier>{76ae5caf-f25d-41f4-beb9-42cf410410a9}</UniqueIdentifier>
    </Filter>
    <Filter Include="Entity">
      <UniqueIdentifier>{620aab0b-59fe-4d11-b8e5-4e68a7e8e458}</UniqueIdentifier>
    </Filter>
  </ItemGroup>
  <ItemGroup>
    <ClCompile Include="MyWnds.cpp">
      <Filter>ServiceImpl\WindowBuilderServiceImpl</Filter>
    </ClCompile>
    <ClCompile Include="MainWnd.cpp">
      <Filter>ServiceImpl\WindowBuilderServiceImpl</Filter>
    </ClCompile>
    <ClCompile Include="HuffmanCode.cpp">
      <Filter>ServiceImpl\EncoderServiceImpl</Filter>
    </ClCompile>
    <ClCompile Include="Logger.cpp">
      <Filter>ServiceImpl</Filter>
    </ClCompile>
    <ClCompile Include="ThreadPool.cpp">
      <Filter>ServiceImpl</Filter>
    </ClCompile>
    <ClCompile Include="FCT.cpp" />
    <ClCompile Include="FileService.cpp">
      <Filter>ServiceImpl</Filter>
    </ClCompile>
    <ClCompile Include="ZipFunc.cpp">
      <Filter>ServiceImpl\WindowBuilderServiceImpl</Filter>
    </ClCompile>
  </ItemGroup>
  <ItemGroup>
    <ClInclude Include="MyWnds.h">
      <Filter>Service\WindowBuilderService</Filter>
    </ClInclude>
    <ClInclude Include="MainWnd.h">
      <Filter>Service\WindowBuilderService</Filter>
    </ClInclude>
    <ClInclude Include="HuffmanCode.h">
      <Filter>Service\EncoderService</Filter>
    </ClInclude>
    <ClInclude Include="Logger.h">
      <Filter>Service</Filter>
    </ClInclude>
    <ClInclude Include="ThreadPool.h">
      <Filter>Service</Filter>
    </ClInclude>
    <ClInclude Include="FileService.h">
      <Filter>Service</Filter>
    </ClInclude>
    <ClInclude Include="ZipFunc.h">
      <Filter>Service\WindowBuilderService</Filter>
    </ClInclude>
    <ClInclude Include="SelectedFileInfo.h">
      <Filter>Entity</Filter>
    </ClInclude>
    <ClInclude Include="ZipFileInfo.h">
      <Filter>Entity</Filter>
    </ClInclude>
  </ItemGroup>
  <ItemGroup>
    <None Include="ToDo.md" />
  </ItemGroup>
</Project>